
Microsoft Visual Studio Solution File, Format Version 12.00
# Visual Studio Version 16
VisualStudioVersion = 16.0.31112.23
MinimumVisualStudioVersion = 10.0.40219.1
Project("{FAE04EC0-301F-11D3-BF4B-00C04F79EFBC}") = "Databaser", "Databaser\Databaser.csproj", "{CC7044D6-B59D-4B66-ABDD-ABDAF779BBBC}"
EndProject
Global
	GlobalSection(SolutionConfigurationPlatforms) = preSolution
		Debug|Any CPU = Debug|Any CPU
		Release|Any CPU = Release|Any CPU
	EndGlobalSection
	GlobalSection(ProjectConfigurationPlatforms) = postSolution
		{CC7044D6-B59D-4B66-ABDD-ABDAF779BBBC}.Debug|Any CPU.ActiveCfg = Debug|Any CPU
		{CC7044D6-B59D-4B66-ABDD-ABDAF779BBBC}.Debug|Any CPU.Build.0 = Debug|Any CPU
		{CC7044D6-B59D-4B66-ABDD-ABDAF779BBBC}.Release|Any CPU.ActiveCfg = Release|Any CPU
		{CC7044D6-B59D-4B66-ABDD-ABDAF779BBBC}.Release|Any CPU.Build.0 = Release|Any CPU
	EndGlobalSection
	GlobalSection(SolutionProperties) = preSolution
		HideSolutionNode = FALSE
	EndGlobalSection
	GlobalSection(ExtensibilityGlobals) = postSolution
		SolutionGuid = {523D8397-25B9-404F-A058-F2206CD23B0C}
	EndGlobalSection
EndGlobal
